
Microsoft Visual Studio Solution File, Format Version 12.00
# Visual Studio Version 17
VisualStudioVersion = 17.5.002.0
MinimumVisualStudioVersion = 10.0.40219.1
Project("{9A19103F-16F7-4668-BE54-9A1E7A4F7556}") = "ProductFormMvcApp", "ProductFormMvcApp.csproj", "{54F6580F-E39D-4BB8-AB2D-9C368D7296A4}"
EndProject
Global
	GlobalSection(SolutionConfigurationPlatforms) = preSolution
		Debug|Any CPU = Debug|Any CPU
		Release|Any CPU = Release|Any CPU
	EndGlobalSection
	GlobalSection(ProjectConfigurationPlatforms) = postSolution
		{54F6580F-E39D-4BB8-AB2D-9C368D7296A4}.Debug|Any CPU.ActiveCfg = Debug|Any CPU
		{54F6580F-E39D-4BB8-AB2D-9C368D7296A4}.Debug|Any CPU.Build.0 = Debug|Any CPU
		{54F6580F-E39D-4BB8-AB2D-9C368D7296A4}.Release|Any CPU.ActiveCfg = Release|Any CPU
		{54F6580F-E39D-4BB8-AB2D-9C368D7296A4}.Release|Any CPU.Build.0 = Release|Any CPU
	EndGlobalSection
	GlobalSection(SolutionProperties) = preSolution
		HideSolutionNode = FALSE
	EndGlobalSection
	GlobalSection(ExtensibilityGlobals) = postSolution
		SolutionGuid = {21497F71-D284-4F89-906F-0B28A9DEE232}
	EndGlobalSection
EndGlobal
